Microsoft Visual Studio Solution File, Format Version 12.00
# Visual Studio Version 17
VisualStudioVersion = 17.2.32317.152
MinimumVisualStudioVersion = 10.0.40219.1
Project("{9A19103F-16F7-4668-BE54-9A1E7A4F7556}") = "CollapseLauncher.SetupToolkit", "CollapseLauncher.SetupToolkit\CollapseLauncher.SetupToolkit.csproj", "{D61B8C39-824E-483E-9A65-07906923395D}"
EndProject
Global
	GlobalSection(SolutionConfigurationPlatforms) = preSolution
		Debug|x64 = Debug|x64
		Release|x64 = Release|x64
	EndGlobalSection
	GlobalSection(ProjectConfigurationPlatforms) = postSolution
		{D61B8C39-824E-483E-9A65-07906923395D}.Debug|x64.ActiveCfg = Debug|x64
		{D61B8C39-824E-483E-9A65-07906923395D}.Debug|x64.Build.0 = Debug|x64
		{D61B8C39-824E-483E-9A65-07906923395D}.Release|x64.ActiveCfg = Release|x64
		{D61B8C39-824E-483E-9A65-07906923395D}.Release|x64.Build.0 = Release|x64
	EndGlobalSection
	GlobalSection(SolutionProperties) = preSolution
		HideSolutionNode = FALSE
	EndGlobalSection
	GlobalSection(ExtensibilityGlobals) = postSolution
		SolutionGuid = {9D1B59AA-346E-4C82-A520-90F8279DE25B}
	EndGlobalSection
EndGlobal
